[[package]]
name = "certifi"
version = "2021.5.30"
description = "Python package for providing Mozilla's CA Bundle."
category = "main"
optional = false
python-versions = "*"

[[package]]
name = "chardet"
version = "4.0.0"
description = "Universal encoding detector for Python 2 and 3"
category = "main"
optional = false
python-versions = ">=2.7, !=3.0.*, !=3.1.*, !=3.2.*, !=3.3.*, !=3.4.*"

[[package]]
name = "click"
version = "8.0.1"
description = "Composable command line interface toolkit"
category = "main"
optional = false
python-versions = ">=3.6"

[package.dependencies]
colorama = {version = "*", markers = "platform_system == \"Windows\""}

[[package]]
name = "colorama"
version = "0.4.4"
description = "Cross-platform colored terminal text."
category = "main"
optional = false
python-versions = ">=2.7, !=3.0.*, !=3.1.*, !=3.2.*, !=3.3.*, !=3.4.*"

[[package]]
name = "filelock"
version = "3.0.12"
description = "A platform independent file lock."
category = "main"
optional = false
python-versions = "*"

[[package]]
name = "fugashi"
version = "1.1.1"
description = "A Cython MeCab wrapper for fast, pythonic Japanese tokenization."
category = "main"
optional = false
python-versions = ">=3.5"

[package.extras]
unidic = ["unidic"]
unidic-lite = ["unidic-lite"]

[[package]]
name = "future"
version = "0.18.2"
description = "Clean single-source support for Python 3 and 2"
category = "main"
optional = false
python-versions = ">=2.6, !=3.0.*, !=3.1.*, !=3.2.*"

[[package]]
name = "idna"
version = "2.10"
description = "Internationalized Domain Names in Applications (IDNA)"
category = "main"
optional = false
python-versions = ">=2.7, !=3.0.*, !=3.1.*, !=3.2.*, !=3.3.*"

[[package]]
name = "ipadic"
version = "1.0.0"
description = "IPAdic packaged for Python"
category = "main"
optional = false
python-versions = "*"

[[package]]
name = "joblib"
version = "1.2.0"
description = "Lightweight pipelining with Python functions"
category = "main"
optional = false
python-versions = ">=3.7"

[[package]]
name = "logzero"
version = "1.5.0"
description = "Robust and effective logging for Python 2 and 3"
category = "main"
optional = false
python-versions = "*"

[package.dependencies]
colorama = {version = "*", markers = "sys_platform == \"win32\""}

[[package]]
name = "mojimoji"
version = "0.0.11"
description = "A fast converter between Japanese hankaku and zenkaku characters"
category = "main"
optional = false
python-versions = "*"

[[package]]
name = "numpy"
version = "1.19.1"
description = "NumPy is the fundamental package for array computing with Python."
category = "main"
optional = false
python-versions = ">=3.6"

[[package]]
name = "packaging"
version = "20.9"
description = "Core utilities for Python packages"
category = "main"
optional = false
python-versions = ">=2.7, !=3.0.*, !=3.1.*, !=3.2.*, !=3.3.*"

[package.dependencies]
pyparsing = ">=2.0.2"

[[package]]
name = "protobuf"
version = "3.17.3"
description = "Protocol Buffers"
category = "main"
optional = false
python-versions = "*"

[package.dependencies]
six = ">=1.9"

[[package]]
name = "pyparsing"
version = "2.4.7"
description = "Python parsing module"
category = "main"
optional = false
python-versions = ">=2.6, !=3.0.*, !=3.1.*, !=3.2.*"

[[package]]
name = "pytorch-warmup"
version = "0.0.4"
description = "A PyTorch Extension for Learning Rate Warmup"
category = "main"
optional = false
python-versions = ">=3.6"

[package.dependencies]
torch = ">=1.1"

[[package]]
name = "pyyaml"
version = "6.0"
description = "YAML parser and emitter for Python"
category = "main"
optional = false
python-versions = ">=3.6"

[[package]]
name = "regex"
version = "2021.4.4"
description = "Alternative regular expression module, to replace re."
category = "main"
optional = false
python-versions = "*"

[[package]]
name = "requests"
version = "2.25.1"
description = "Python HTTP for Humans."
category = "main"
optional = false
python-versions = ">=2.7, !=3.0.*, !=3.1.*, !=3.2.*, !=3.3.*, !=3.4.*"

[package.dependencies]
certifi = ">=2017.4.17"
chardet = ">=3.0.2,<5"
idna = ">=2.5,<3"
urllib3 = ">=1.21.1,<1.27"

[package.extras]
security = ["cryptography (>=1.3.4)", "pyOpenSSL (>=0.14)"]
socks = ["PySocks (>=1.5.6,!=1.5.7)", "win-inet-pton"]

[[package]]
name = "sacremoses"
version = "0.0.45"
description = "SacreMoses"
category = "main"
optional = false
python-versions = "*"

[package.dependencies]
click = "*"
joblib = "*"
regex = "*"
six = "*"
tqdm = "*"

[[package]]
name = "sentencepiece"
version = "0.1.95"
description = "SentencePiece python wrapper"
category = "main"
optional = false
python-versions = "*"

[[package]]
name = "six"
version = "1.16.0"
description = "Python 2 and 3 compatibility utilities"
category = "main"
optional = false
python-versions = ">=2.7, !=3.0.*, !=3.1.*, !=3.2.*"

[[package]]
name = "tensorboardx"
version = "2.4"
description = "TensorBoardX lets you watch Tensors Flow without Tensorflow"
category = "main"
optional = false
python-versions = "*"

[package.dependencies]
numpy = "*"
protobuf = ">=3.8.0"

[[package]]
name = "termcolor"
version = "1.1.0"
description = "ANSII Color formatting for output in terminal."
category = "main"
optional = false
python-versions = "*"

[[package]]
name = "tokenizers"
version = "0.9.2"
description = "Fast and Customizable Tokenizers"
category = "main"
optional = false
python-versions = "*"

[package.extras]
testing = ["pytest"]

[[package]]
name = "torch"
version = "1.5.1"
description = "Tensors and Dynamic neural networks in Python with strong GPU acceleration"
category = "main"
optional = false
python-versions = ">=2.7, !=3.0.*, !=3.1.*, !=3.2.*, !=3.3.*, !=3.4.*, !=3.6.0"

[package.dependencies]
future = "*"
numpy = "*"

[[package]]
name = "torchtext"
version = "0.6.0"
description = "Text utilities and datasets for PyTorch"
category = "main"
optional = false
python-versions = "*"

[package.dependencies]
numpy = "*"
requests = "*"
sentencepiece = "*"
six = "*"
torch = "*"
tqdm = "*"

[[package]]
name = "tqdm"
version = "4.61.1"
description = "Fast, Extensible Progress Meter"
category = "main"
optional = false
python-versions = "!=3.0.*,!=3.1.*,!=3.2.*,!=3.3.*,>=2.7"

[package.extras]
dev = ["py-make (>=0.1.0)", "twine", "wheel"]
notebook = ["ipywidgets (>=6)"]
telegram = ["requests"]

[[package]]
name = "transformers"
version = "3.4.0"
description = "State-of-the-art Natural Language Processing for TensorFlow 2.0 and PyTorch"
category = "main"
optional = false
python-versions = ">=3.6.0"

[package.dependencies]
filelock = "*"
numpy = "*"
packaging = "*"
protobuf = "*"
regex = "!=2019.12.17"
requests = "*"
sacremoses = "*"
sentencepiece = "!=0.1.92"
tokenizers = "0.9.2"
tqdm = ">=4.27"

[package.extras]
all = ["fastapi", "pydantic", "starlette", "tensorflow", "torch", "uvicorn"]
dev = ["black (>=20.8b1)", "datasets", "faiss-cpu", "flake8 (>=3.8.3)", "fugashi (>=1.0)", "ipadic (>=1.0.0,<2.0)", "isort (>=5.5.4)", "parameterized", "psutil", "pytest", "pytest-xdist", "scikit-learn", "sentencepiece (!=0.1.92)", "tensorflow", "timeout-decorator", "torch", "unidic (>=1.0.2)", "unidic-lite (>=1.0.7)"]
docs = ["recommonmark", "sphinx", "sphinx-copybutton", "sphinx-markdown-tables", "sphinx-rtd-theme (==0.4.3)"]
flax = ["flax (==0.2.2)", "jax (>=0.2.0)", "jaxlib (==0.1.55)"]
ja = ["fugashi (>=1.0)", "ipadic (>=1.0.0,<2.0)", "unidic (>=1.0.2)", "unidic-lite (>=1.0.7)"]
onnxruntime = ["onnxruntime (>=1.4.0)", "onnxruntime-tools (>=1.4.2)"]
quality = ["black (>=20.8b1)", "flake8 (>=3.8.3)", "isort (>=5.5.4)"]
retrieval = ["datasets", "faiss-cpu"]
sentencepiece = ["sentencepiece (!=0.1.92)"]
serving = ["fastapi", "pydantic", "starlette", "uvicorn"]
sklearn = ["scikit-learn"]
testing = ["datasets", "faiss-cpu", "parameterized", "psutil", "pytest", "pytest-xdist", "timeout-decorator"]
tf = ["keras2onnx", "onnxconverter-common", "tensorflow (>=2.0)"]
tf-cpu = ["keras2onnx", "onnxconverter-common", "tensorflow-cpu (>=2.0)"]
torch = ["torch (>=1.0)"]

[[package]]
name = "urllib3"
version = "1.26.5"
description = "HTTP library with thread-safe connection pooling, file post, and more."
category = "main"
optional = false
python-versions = ">=2.7, !=3.0.*, !=3.1.*, !=3.2.*, !=3.3.*, !=3.4.*, <4"

[package.extras]
brotli = ["brotlipy (>=0.6.0)"]
secure = ["certifi", "cryptography (>=1.3.4)", "idna (>=2.0.0)", "ipaddress", "pyOpenSSL (>=0.14)"]
socks = ["PySocks (>=1.5.6,!=1.5.7,<2.0)"]

[metadata]
lock-version = "1.1"
python-versions = "^3.8"
content-hash = "c6e233361294cb79943163b99e1da00b5711b7fb6f504cd68a3a8a1c80fabf9a"

[metadata.files]
certifi = [
    {file = "certifi-2021.5.30-py2.py3-none-any.whl", hash = "sha256:50b1e4f8446b06f41be7dd6338db18e0990601dce795c2b1686458aa7e8fa7d8"},
    {file = "certifi-2021.5.30.tar.gz", hash = "sha256:2bbf76fd432960138b3ef6dda3dde0544f27cbf8546c458e60baf371917ba9ee"},
]
chardet = [
    {file = "chardet-4.0.0-py2.py3-none-any.whl", hash = "sha256:f864054d66fd9118f2e67044ac8981a54775ec5b67aed0441892edb553d21da5"},
    {file = "chardet-4.0.0.tar.gz", hash = "sha256:0d6f53a15db4120f2b08c94f11e7d93d2c911ee118b6b30a04ec3ee8310179fa"},
]
click = [
    {file = "click-8.0.1-py3-none-any.whl", hash = "sha256:fba402a4a47334742d782209a7c79bc448911afe1149d07bdabdf480b3e2f4b6"},
    {file = "click-8.0.1.tar.gz", hash = "sha256:8c04c11192119b1ef78ea049e0a6f0463e4c48ef00a30160c704337586f3ad7a"},
]
colorama = [
    {file = "colorama-0.4.4-py2.py3-none-any.whl", hash = "sha256:9f47eda37229f68eee03b24b9748937c7dc3868f906e8ba69fbcbdd3bc5dc3e2"},
    {file = "colorama-0.4.4.tar.gz", hash = "sha256:5941b2b48a20143d2267e95b1c2a7603ce057ee39fd88e7329b0c292aa16869b"},
]
filelock = [
    {file = "filelock-3.0.12-py3-none-any.whl", hash = "sha256:929b7d63ec5b7d6b71b0fa5ac14e030b3f70b75747cef1b10da9b879fef15836"},
    {file = "filelock-3.0.12.tar.gz", hash = "sha256:18d82244ee114f543149c66a6e0c14e9c4f8a1044b5cdaadd0f82159d6a6ff59"},
]
fugashi = [
    {file = "fugashi-1.1.1-cp35-cp35m-macosx_10_14_x86_64.whl", hash = "sha256:f4cb760951757ee8ceb144208eb35ca86181f4693fd03bd73ff34e5bf2df8698"},
    {file = "fugashi-1.1.1-cp35-cp35m-manylinux_2_5_x86_64.manylinux1_x86_64.whl", hash = "sha256:ab4b0496d0e856535296dcae36fe35c791b471c3da530e4dcbd7b5070c4fcd8a"},
    {file = "fugashi-1.1.1-cp35-cp35m-win_amd64.whl", hash = "sha256:07a0185741a1558b9802801de2f9b34390c3f138074a6849aa601755f60d2604"},
    {file = "fugashi-1.1.1-cp36-cp36m-macosx_10_14_x86_64.whl", hash = "sha256:9fb934f6c3f849b661f7b4b57903259017436bea9202be9d63198cbfe37df199"},
    {file = "fugashi-1.1.1-cp36-cp36m-manylinux_2_5_x86_64.manylinux1_x86_64.whl", hash = "sha256:9b1806a3cd344d260999954c45a1ddb5e84cef57ac49315fb861c254ed759ebc"},
    {file = "fugashi-1.1.1-cp36-cp36m-win_amd64.whl", hash = "sha256:51920491fd89f30356d43093439e3cc6283f18f509e50014db5f0a71da8abbe3"},
    {file = "fugashi-1.1.1-cp37-cp37m-macosx_10_14_x86_64.whl", hash = "sha256:f094b3655c374897717e3bc9a9a5f13d1f499e8bfde8d4460c4ae6b8810cb0c2"},
    {file = "fugashi-1.1.1-cp37-cp37m-manylinux_2_5_x86_64.manylinux1_x86_64.whl", hash = "sha256:6f6995b4897c8f8d6ea118732c3c62a8befeed20181a8d7b1a96ee2b65c7a434"},
    {file = "fugashi-1.1.1-cp37-cp37m-win_amd64.whl", hash = "sha256:53280ea0f65e7c9f8f91844eeaaf5202858997bc44cd55903a8089eeca15ae63"},
    {file = "fugashi-1.1.1-cp38-cp38-macosx_10_14_x86_64.whl", hash = "sha256:99f384ec47e8c7d9d1499f5dc6bc0bc52d7281fcc2345f3a4c62937c1bcb5ba5"},
    {file = "fugashi-1.1.1-cp38-cp38-manylinux_2_5_x86_64.manylinux1_x86_64.whl", hash = "sha256:98ff499188e398f149c449800ec7038ef4cf93cb4ae8cdf3f52356b8c7607864"},
    {file = "fugashi-1.1.1-cp38-cp38-win_amd64.whl", hash = "sha256:cf7a28f311f963eb666824764388f4bc434e1ac230a55d2cd4f998ec0712f3f8"},
    {file = "fugashi-1.1.1-cp39-cp39-macosx_10_14_x86_64.whl", hash = "sha256:de07719e0841036c64abdd7bd942736918666e67f254de66f958e3457756e23a"},
    {file = "fugashi-1.1.1-cp39-cp39-manylinux_2_5_x86_64.manylinux1_x86_64.whl", hash = "sha256:e1314520a1f92b79d0616c64a86839ba594fcd489b1fc9c7cc456acb508ae1fc"},
    {file = "fugashi-1.1.1-cp39-cp39-win_amd64.whl", hash = "sha256:f462d39f937993d6964d8cd0979ac96a79cae621d53cd65f4e2b31b73392b704"},
    {file = "fugashi-1.1.1.tar.gz", hash = "sha256:c57125af6f93bffc5c25803bbc476cb41527bfe8841a2a15019e7f12cc181d30"},
]
future = [
    {file = "future-0.18.2.tar.gz", hash = "sha256:b1bead90b70cf6ec3f0710ae53a525360fa360d306a86583adc6bf83a4db537d"},
]
idna = [
    {file = "idna-2.10-py2.py3-none-any.whl", hash = "sha256:b97d804b1e9b523befed77c48dacec60e6dcb0b5391d57af6a65a312a90648c0"},
    {file = "idna-2.10.tar.gz", hash = "sha256:b307872f855b18632ce0c21c5e45be78c0ea7ae4c15c828c20788b26921eb3f6"},
]
ipadic = [
    {file = "ipadic-1.0.0.tar.gz", hash = "sha256:f5923d31eca6131acaaf18ed28d8998665b1347b640d3a6476f64650e9a71c07"},
]
joblib = [
    {file = "joblib-1.2.0-py3-none-any.whl", hash = "sha256:091138ed78f800342968c523bdde947e7a305b8594b910a0fea2ab83c3c6d385"},
    {file = "joblib-1.2.0.tar.gz", hash = "sha256:e1cee4a79e4af22881164f218d4311f60074197fb707e082e803b61f6d137018"},
]
logzero = [
    {file = "logzero-1.5.0-py2.py3-none-any.whl", hash = "sha256:818072e4fcb53a3f6fb4114a92f920e1135fe6f47bffd9dc2b6c4d10eedacf27"},
    {file = "logzero-1.5.0.tar.gz", hash = "sha256:34fa1e2e436dfa9f37e5ff8750e932bafe0c5abbb42e1f669e4cf5ce1f179142"},
]
mojimoji = [
    {file = "mojimoji-0.0.11-cp35-cp35m-macosx_10_14_x86_64.whl", hash = "sha256:b86ee36240e77a414f796630cf3c80acef4e9528277769d1851d00b94af1cc98"},
    {file = "mojimoji-0.0.11-cp35-cp35m-manylinux1_x86_64.whl", hash = "sha256:3d3756f60754ee95847f419f48246a68271d9024c5296d298054229403804002"},
    {file = "mojimoji-0.0.11-cp35-cp35m-win_amd64.whl", hash = "sha256:e257176fe55332ac5dc69735270840b36738a82f1dda3383758a6f36b5918fb6"},
    {file = "mojimoji-0.0.11-cp36-cp36m-macosx_10_14_x86_64.whl", hash = "sha256:ece991b6529dddb91ae5035dcf3b62b486af675d4ec94fc3ecf7872b66f3df88"},
    {file = "mojimoji-0.0.11-cp36-cp36m-manylinux1_x86_64.whl", hash = "sha256:b7a1fe5726ad7036b096d44e7d014ceac174aec718199e19c6c6d1c2a757f6b9"},
    {file = "mojimoji-0.0.11-cp36-cp36m-win_amd64.whl", hash = "sha256:ae2fcb9fa35f5890ba888780c9d445074717ef988c3171a058f002cd0f3933f4"},
    {file = "mojimoji-0.0.11-cp37-cp37m-macosx_10_14_x86_64.whl", hash = "sha256:e551bb3be777643e2e1f7bc40db4d57baedaa6dac6c7875d9a926ffe66b67fb1"},
    {file = "mojimoji-0.0.11-cp37-cp37m-manylinux1_x86_64.whl", hash = "sha256:642c5e8642fa53c9556cd4c880e09438786dd955c32c7ce5fa2693e16914cdb6"},
    {file = "mojimoji-0.0.11-cp37-cp37m-win_amd64.whl", hash = "sha256:029c5d2646c8ab36bef61abe26ed6bc698f7ffb6a744d82fafd86e233d6669a2"},
    {file = "mojimoji-0.0.11-cp38-cp38-macosx_10_14_x86_64.whl", hash = "sha256:2fb18323ffae39391d77c77b27ed675cbf6e49e10f884ceaf8399be7ca7e0dc5"},
    {file = "mojimoji-0.0.11-cp38-cp38-manylinux1_x86_64.whl", hash = "sha256:ea9c3d0c37ae7a8e494cb9681dae404de4599d4218e5b5d13c009ab1856d6409"},
    {file = "mojimoji-0.0.11-cp38-cp38-win_amd64.whl", hash = "sha256:304681e2d99db69c552e1e36992cb41b967b46abd1720c1826f9dec678491d56"},
    {file = "mojimoji-0.0.11.tar.gz", hash = "sha256:adef094e1bfd961e40c1fbd2d4664da1be2426d5b31884e27394226af15d50b5"},
]
numpy = [
    {file = "numpy-1.19.1-cp36-cp36m-macosx_10_9_x86_64.whl", hash = "sha256:b1cca51512299841bf69add3b75361779962f9cee7d9ee3bb446d5982e925b69"},
    {file = "numpy-1.19.1-cp36-cp36m-manylinux1_i686.whl", hash = "sha256:c9591886fc9cbe5532d5df85cb8e0cc3b44ba8ce4367bd4cf1b93dc19713da72"},
    {file = "numpy-1.19.1-cp36-cp36m-manylinux1_x86_64.whl", hash = "sha256:cf1347450c0b7644ea142712619533553f02ef23f92f781312f6a3553d031fc7"},
    {file = "numpy-1.19.1-cp36-cp36m-manylinux2010_i686.whl", hash = "sha256:ed8a311493cf5480a2ebc597d1e177231984c818a86875126cfd004241a73c3e"},
    {file = "numpy-1.19.1-cp36-cp36m-manylinux2010_x86_64.whl", hash = "sha256:3673c8b2b29077f1b7b3a848794f8e11f401ba0b71c49fbd26fb40b71788b132"},
    {file = "numpy-1.19.1-cp36-cp36m-manylinux2014_aarch64.whl", hash = "sha256:56ef7f56470c24bb67fb43dae442e946a6ce172f97c69f8d067ff8550cf782ff"},
    {file = "numpy-1.19.1-cp36-cp36m-win32.whl", hash = "sha256:aaf42a04b472d12515debc621c31cf16c215e332242e7a9f56403d814c744624"},
    {file = "numpy-1.19.1-cp36-cp36m-win_amd64.whl", hash = "sha256:082f8d4dd69b6b688f64f509b91d482362124986d98dc7dc5f5e9f9b9c3bb983"},
    {file = "numpy-1.19.1-cp37-cp37m-macosx_10_9_x86_64.whl", hash = "sha256:e4f6d3c53911a9d103d8ec9518190e52a8b945bab021745af4939cfc7c0d4a9e"},
    {file = "numpy-1.19.1-cp37-cp37m-manylinux1_i686.whl", hash = "sha256:5b6885c12784a27e957294b60f97e8b5b4174c7504665333c5e94fbf41ae5d6a"},
    {file = "numpy-1.19.1-cp37-cp37m-manylinux1_x86_64.whl", hash = "sha256:1bc0145999e8cb8aed9d4e65dd8b139adf1919e521177f198529687dbf613065"},
    {file = "numpy-1.19.1-cp37-cp37m-manylinux2010_i686.whl", hash = "sha256:5a936fd51049541d86ccdeef2833cc89a18e4d3808fe58a8abeb802665c5af93"},
    {file = "numpy-1.19.1-cp37-cp37m-manylinux2010_x86_64.whl", hash = "sha256:ef71a1d4fd4858596ae80ad1ec76404ad29701f8ca7cdcebc50300178db14dfc"},
    {file = "numpy-1.19.1-cp37-cp37m-manylinux2014_aarch64.whl", hash = "sha256:b9792b0ac0130b277536ab8944e7b754c69560dac0415dd4b2dbd16b902c8954"},
    {file = "numpy-1.19.1-cp37-cp37m-win32.whl", hash = "sha256:b12e639378c741add21fbffd16ba5ad25c0a1a17cf2b6fe4288feeb65144f35b"},
    {file = "numpy-1.19.1-cp37-cp37m-win_amd64.whl", hash = "sha256:8343bf67c72e09cfabfab55ad4a43ce3f6bf6e6ced7acf70f45ded9ebb425055"},
    {file = "numpy-1.19.1-cp38-cp38-macosx_10_9_x86_64.whl", hash = "sha256:e45f8e981a0ab47103181773cc0a54e650b2aef8c7b6cd07405d0fa8d869444a"},
    {file = "numpy-1.19.1-cp38-cp38-manylinux1_i686.whl", hash = "sha256:667c07063940e934287993366ad5f56766bc009017b4a0fe91dbd07960d0aba7"},
    {file = "numpy-1.19.1-cp38-cp38-manylinux1_x86_64.whl", hash = "sha256:480fdd4dbda4dd6b638d3863da3be82873bba6d32d1fc12ea1b8486ac7b8d129"},
    {file = "numpy-1.19.1-cp38-cp38-manylinux2010_i686.whl", hash = "sha256:935c27ae2760c21cd7354402546f6be21d3d0c806fffe967f745d5f2de5005a7"},
    {file = "numpy-1.19.1-cp38-cp38-manylinux2010_x86_64.whl", hash = "sha256:309cbcfaa103fc9a33ec16d2d62569d541b79f828c382556ff072442226d1968"},
    {file = "numpy-1.19.1-cp38-cp38-manylinux2014_aarch64.whl", hash = "sha256:7ed448ff4eaffeb01094959b19cbaf998ecdee9ef9932381420d514e446601cd"},
    {file = "numpy-1.19.1-cp38-cp38-win32.whl", hash = "sha256:de8b4a9b56255797cbddb93281ed92acbc510fb7b15df3f01bd28f46ebc4edae"},
    {file = "numpy-1.19.1-cp38-cp38-win_amd64.whl", hash = "sha256:92feb989b47f83ebef246adabc7ff3b9a59ac30601c3f6819f8913458610bdcc"},
    {file = "numpy-1.19.1-pp36-pypy36_pp73-manylinux2010_x86_64.whl", hash = "sha256:e1b1dc0372f530f26a03578ac75d5e51b3868b9b76cd2facba4c9ee0eb252ab1"},
    {file = "numpy-1.19.1.zip", hash = "sha256:b8456987b637232602ceb4d663cb34106f7eb780e247d51a260b84760fd8f491"},
]
packaging = [
    {file = "packaging-20.9-py2.py3-none-any.whl", hash = "sha256:67714da7f7bc052e064859c05c595155bd1ee9f69f76557e21f051443c20947a"},
    {file = "packaging-20.9.tar.gz", hash = "sha256:5b327ac1320dc863dca72f4514ecc086f31186744b84a230374cc1fd776feae5"},
]
protobuf = [
    {file = "protobuf-3.17.3-cp27-cp27m-macosx_10_9_x86_64.whl", hash = "sha256:ab6bb0e270c6c58e7ff4345b3a803cc59dbee19ddf77a4719c5b635f1d547aa8"},
    {file = "protobuf-3.17.3-cp27-cp27mu-manylinux_2_5_x86_64.manylinux1_x86_64.whl", hash = "sha256:13ee7be3c2d9a5d2b42a1030976f760f28755fcf5863c55b1460fd205e6cd637"},
    {file = "protobuf-3.17.3-cp35-cp35m-macosx_10_9_intel.whl", hash = "sha256:1556a1049ccec58c7855a78d27e5c6e70e95103b32de9142bae0576e9200a1b0"},
    {file = "protobuf-3.17.3-cp35-cp35m-manylinux_2_5_x86_64.manylinux1_x86_64.whl", hash = "sha256:f0e59430ee953184a703a324b8ec52f571c6c4259d496a19d1cabcdc19dabc62"},
    {file = "protobuf-3.17.3-cp35-cp35m-win32.whl", hash = "sha256:a981222367fb4210a10a929ad5983ae93bd5a050a0824fc35d6371c07b78caf6"},
    {file = "protobuf-3.17.3-cp35-cp35m-win_amd64.whl", hash = "sha256:6d847c59963c03fd7a0cd7c488cadfa10cda4fff34d8bc8cba92935a91b7a037"},
    {file = "protobuf-3.17.3-cp36-cp36m-macosx_10_9_x86_64.whl", hash = "sha256:145ce0af55c4259ca74993ddab3479c78af064002ec8227beb3d944405123c71"},
    {file = "protobuf-3.17.3-cp36-cp36m-manylinux_2_5_x86_64.manylinux1_x86_64.whl", hash = "sha256:6ce4d8bf0321e7b2d4395e253f8002a1a5ffbcfd7bcc0a6ba46712c07d47d0b4"},
    {file = "protobuf-3.17.3-cp36-cp36m-win32.whl", hash = "sha256:7a4c97961e9e5b03a56f9a6c82742ed55375c4a25f2692b625d4087d02ed31b9"},
    {file = "protobuf-3.17.3-cp36-cp36m-win_amd64.whl", hash = "sha256:a22b3a0dbac6544dacbafd4c5f6a29e389a50e3b193e2c70dae6bbf7930f651d"},
    {file = "protobuf-3.17.3-cp37-cp37m-macosx_10_9_x86_64.whl", hash = "sha256:ffea251f5cd3c0b9b43c7a7a912777e0bc86263436a87c2555242a348817221b"},
    {file = "protobuf-3.17.3-cp37-cp37m-manylinux2014_aarch64.whl", hash = "sha256:9b7a5c1022e0fa0dbde7fd03682d07d14624ad870ae52054849d8960f04bc764"},
    {file = "protobuf-3.17.3-cp37-cp37m-manylinux_2_5_x86_64.manylinux1_x86_64.whl", hash = "sha256:8727ee027157516e2c311f218ebf2260a18088ffb2d29473e82add217d196b1c"},
    {file = "protobuf-3.17.3-cp37-cp37m-win32.whl", hash = "sha256:14c1c9377a7ffbeaccd4722ab0aa900091f52b516ad89c4b0c3bb0a4af903ba5"},
    {file = "protobuf-3.17.3-cp37-cp37m-win_amd64.whl", hash = "sha256:c56c050a947186ba51de4f94ab441d7f04fcd44c56df6e922369cc2e1a92d683"},
    {file = "protobuf-3.17.3-cp38-cp38-macosx_10_9_x86_64.whl", hash = "sha256:2ae692bb6d1992afb6b74348e7bb648a75bb0d3565a3f5eea5bec8f62bd06d87"},
    {file = "protobuf-3.17.3-cp38-cp38-manylinux2014_aarch64.whl", hash = "sha256:99938f2a2d7ca6563c0ade0c5ca8982264c484fdecf418bd68e880a7ab5730b1"},
    {file = "protobuf-3.17.3-cp38-cp38-manylinux_2_5_x86_64.manylinux1_x86_64.whl", hash = "sha256:6902a1e4b7a319ec611a7345ff81b6b004b36b0d2196ce7a748b3493da3d226d"},
    {file = "protobuf-3.17.3-cp38-cp38-win32.whl", hash = "sha256:59e5cf6b737c3a376932fbfb869043415f7c16a0cf176ab30a5bbc419cd709c1"},
    {file = "protobuf-3.17.3-cp38-cp38-win_amd64.whl", hash = "sha256:ebcb546f10069b56dc2e3da35e003a02076aaa377caf8530fe9789570984a8d2"},
    {file = "protobuf-3.17.3-cp39-cp39-macosx_10_9_x86_64.whl", hash = "sha256:4ffbd23640bb7403574f7aff8368e2aeb2ec9a5c6306580be48ac59a6bac8bde"},
    {file = "protobuf-3.17.3-cp39-cp39-manylinux2014_aarch64.whl", hash = "sha256:26010f693b675ff5a1d0e1bdb17689b8b716a18709113288fead438703d45539"},
    {file = "protobuf-3.17.3-cp39-cp39-manylinux_2_5_x86_64.manylinux1_x86_64.whl", hash = "sha256:e76d9686e088fece2450dbc7ee905f9be904e427341d289acbe9ad00b78ebd47"},
    {file = "protobuf-3.17.3-cp39-cp39-win32.whl", hash = "sha256:a38bac25f51c93e4be4092c88b2568b9f407c27217d3dd23c7a57fa522a17554"},
    {file = "protobuf-3.17.3-cp39-cp39-win_amd64.whl", hash = "sha256:85d6303e4adade2827e43c2b54114d9a6ea547b671cb63fafd5011dc47d0e13d"},
    {file = "protobuf-3.17.3-py2.py3-none-any.whl", hash = "sha256:2bfb815216a9cd9faec52b16fd2bfa68437a44b67c56bee59bc3926522ecb04e"},
    {file = "protobuf-3.17.3.tar.gz", hash = "sha256:72804ea5eaa9c22a090d2803813e280fb273b62d5ae497aaf3553d141c4fdd7b"},
]
pyparsing = [
    {file = "pyparsing-2.4.7-py2.py3-none-any.whl", hash = "sha256:ef9d7589ef3c200abe66653d3f1ab1033c3c419ae9b9bdb1240a85b024efc88b"},
    {file = "pyparsing-2.4.7.tar.gz", hash = "sha256:c203ec8783bf771a155b207279b9bccb8dea02d8f0c9e5f8ead507bc3246ecc1"},
]
pytorch-warmup = [
    {file = "pytorch-warmup-0.0.4.tar.gz", hash = "sha256:9c630ac77a76f594492ffad8ccd5015aa5c946aee71525f867a86c88aaacd922"},
    {file = "pytorch_warmup-0.0.4-py3-none-any.whl", hash = "sha256:38110440a51840120732844e1e312227bb787a2e675589c241484b95a6d515bc"},
]
pyyaml = [
    {file = "PyYAML-6.0-cp310-cp310-macosx_10_9_x86_64.whl", hash = "sha256:d4db7c7aef085872ef65a8fd7d6d09a14ae91f691dec3e87ee5ee0539d516f53"},
    {file = "PyYAML-6.0-cp310-cp310-macosx_11_0_arm64.whl", hash = "sha256:9df7ed3b3d2e0ecfe09e14741b857df43adb5a3ddadc919a2d94fbdf78fea53c"},
    {file = "PyYAML-6.0-cp310-cp310-manylinux_2_17_aarch64.manylinux2014_aarch64.whl", hash = "sha256:77f396e6ef4c73fdc33a9157446466f1cff553d979bd00ecb64385760c6babdc"},
    {file = "PyYAML-6.0-cp310-cp310-manylinux_2_17_s390x.manylinux2014_s390x.whl", hash = "sha256:a80a78046a72361de73f8f395f1f1e49f956c6be882eed58505a15f3e430962b"},
    {file = "PyYAML-6.0-cp310-cp310-manylinux_2_5_x86_64.manylinux1_x86_64.manylinux_2_12_x86_64.manylinux2010_x86_64.whl", hash = "sha256:f84fbc98b019fef2ee9a1cb3ce93e3187a6df0b2538a651bfb890254ba9f90b5"},
    {file = "PyYAML-6.0-cp310-cp310-win32.whl", hash = "sha256:2cd5df3de48857ed0544b34e2d40e9fac445930039f3cfe4bcc592a1f836d513"},
    {file = "PyYAML-6.0-cp310-cp310-win_amd64.whl", hash = "sha256:daf496c58a8c52083df09b80c860005194014c3698698d1a57cbcfa182142a3a"},
    {file = "PyYAML-6.0-cp311-cp311-macosx_10_9_x86_64.whl", hash = "sha256:d4b0ba9512519522b118090257be113b9468d804b19d63c71dbcf4a48fa32358"},
    {file = "PyYAML-6.0-cp311-cp311-macosx_11_0_arm64.whl", hash = "sha256:81957921f441d50af23654aa6c5e5eaf9b06aba7f0a19c18a538dc7ef291c5a1"},
    {file = "PyYAML-6.0-cp311-cp311-manylinux_2_17_aarch64.manylinux2014_aarch64.whl", hash = "sha256:afa17f5bc4d1b10afd4466fd3a44dc0e245382deca5b3c353d8b757f9e3ecb8d"},
    {file = "PyYAML-6.0-cp311-cp311-manylinux_2_17_s390x.manylinux2014_s390x.whl", hash = "sha256:dbad0e9d368bb989f4515da330b88a057617d16b6a8245084f1b05400f24609f"},
    {file = "PyYAML-6.0-cp311-cp311-manylinux_2_17_x86_64.manylinux2014_x86_64.whl", hash = "sha256:432557aa2c09802be39460360ddffd48156e30721f5e8d917f01d31694216782"},
    {file = "PyYAML-6.0-cp311-cp311-win32.whl", hash = "sha256:bfaef573a63ba8923503d27530362590ff4f576c626d86a9fed95822a8255fd7"},
    {file = "PyYAML-6.0-cp311-cp311-win_amd64.whl", hash = "sha256:01b45c0191e6d66c470b6cf1b9531a771a83c1c4208272ead47a3ae4f2f603bf"},
    {file = "PyYAML-6.0-cp36-cp36m-macosx_10_9_x86_64.whl", hash = "sha256:897b80890765f037df3403d22bab41627ca8811ae55e9a722fd0392850ec4d86"},
    {file = "PyYAML-6.0-cp36-cp36m-manylinux_2_17_aarch64.manylinux2014_aarch64.whl", hash = "sha256:50602afada6d6cbfad699b0c7bb50d5ccffa7e46a3d738092afddc1f9758427f"},
    {file = "PyYAML-6.0-cp36-cp36m-manylinux_2_17_s390x.manylinux2014_s390x.whl", hash = "sha256:48c346915c114f5fdb3ead70312bd042a953a8ce5c7106d5bfb1a5254e47da92"},
    {file = "PyYAML-6.0-cp36-cp36m-manylinux_2_5_x86_64.manylinux1_x86_64.manylinux_2_12_x86_64.manylinux2010_x86_64.whl", hash = "sha256:98c4d36e99714e55cfbaaee6dd5badbc9a1ec339ebfc3b1f52e293aee6bb71a4"},
    {file = "PyYAML-6.0-cp36-cp36m-win32.whl", hash = "sha256:0283c35a6a9fbf047493e3a0ce8d79ef5030852c51e9d911a27badfde0605293"},
    {file = "PyYAML-6.0-cp36-cp36m-win_amd64.whl", hash = "sha256:07751360502caac1c067a8132d150cf3d61339af5691fe9e87803040dbc5db57"},
    {file = "PyYAML-6.0-cp37-cp37m-macosx_10_9_x86_64.whl", hash = "sha256:819b3830a1543db06c4d4b865e70ded25be52a2e0631ccd2f6a47a2822f2fd7c"},
    {file = "PyYAML-6.0-cp37-cp37m-manylinux_2_17_aarch64.manylinux2014_aarch64.whl", hash = "sha256:473f9edb243cb1935ab5a084eb238d842fb8f404ed2193a915d1784b5a6b5fc0"},
    {file = "PyYAML-6.0-cp37-cp37m-manylinux_2_17_s390x.manylinux2014_s390x.whl", hash = "sha256:0ce82d761c532fe4ec3f87fc45688bdd3a4c1dc5e0b4a19814b9009a29baefd4"},
    {file = "PyYAML-6.0-cp37-cp37m-manylinux_2_5_x86_64.manylinux1_x86_64.manylinux_2_12_x86_64.manylinux2010_x86_64.whl", hash = "sha256:231710d57adfd809ef5d34183b8ed1eeae3f76459c18fb4a0b373ad56bedcdd9"},
    {file = "PyYAML-6.0-cp37-cp37m-win32.whl", hash = "sha256:c5687b8d43cf58545ade1fe3e055f70eac7a5a1a0bf42824308d868289a95737"},
    {file = "PyYAML-6.0-cp37-cp37m-win_amd64.whl", hash = "sha256:d15a181d1ecd0d4270dc32edb46f7cb7733c7c508857278d3d378d14d606db2d"},
    {file = "PyYAML-6.0-cp38-cp38-macosx_10_9_x86_64.whl", hash = "sha256:0b4624f379dab24d3725ffde76559cff63d9ec94e1736b556dacdfebe5ab6d4b"},
    {file = "PyYAML-6.0-cp38-cp38-manylinux_2_17_aarch64.manylinux2014_aarch64.whl", hash = "sha256:213c60cd50106436cc818accf5baa1aba61c0189ff610f64f4a3e8c6726218ba"},
    {file = "PyYAML-6.0-cp38-cp38-manylinux_2_17_s390x.manylinux2014_s390x.whl", hash = "sha256:9fa600030013c4de8165339db93d182b9431076eb98eb40ee068700c9c813e34"},
    {file = "PyYAML-6.0-cp38-cp38-manylinux_2_5_x86_64.manylinux1_x86_64.manylinux_2_12_x86_64.manylinux2010_x86_64.whl", hash = "sha256:277a0ef2981ca40581a47093e9e2d13b3f1fbbeffae064c1d21bfceba2030287"},
    {file = "PyYAML-6.0-cp38-cp38-win32.whl", hash = "sha256:d4eccecf9adf6fbcc6861a38015c2a64f38b9d94838ac1810a9023a0609e1b78"},
    {file = "PyYAML-6.0-cp38-cp38-win_amd64.whl", hash = "sha256:1e4747bc279b4f613a09eb64bba2ba602d8a6664c6ce6396a4d0cd413a50ce07"},
    {file = "PyYAML-6.0-cp39-cp39-macosx_10_9_x86_64.whl", hash = "sha256:055d937d65826939cb044fc8c9b08889e8c743fdc6a32b33e2390f66013e449b"},
    {file = "PyYAML-6.0-cp39-cp39-macosx_11_0_arm64.whl", hash = "sha256:e61ceaab6f49fb8bdfaa0f92c4b57bcfbea54c09277b1b4f7ac376bfb7a7c174"},
    {file = "PyYAML-6.0-cp39-cp39-manylinux_2_17_aarch64.manylinux2014_aarch64.whl", hash = "sha256:d67d839ede4ed1b28a4e8909735fc992a923cdb84e618544973d7dfc71540803"},
    {file = "PyYAML-6.0-cp39-cp39-manylinux_2_17_s390x.manylinux2014_s390x.whl", hash = "sha256:cba8c411ef271aa037d7357a2bc8f9ee8b58b9965831d9e51baf703280dc73d3"},
    {file = "PyYAML-6.0-cp39-cp39-manylinux_2_5_x86_64.manylinux1_x86_64.manylinux_2_12_x86_64.manylinux2010_x86_64.whl", hash = "sha256:40527857252b61eacd1d9af500c3337ba8deb8fc298940291486c465c8b46ec0"},
    {file = "PyYAML-6.0-cp39-cp39-win32.whl", hash = "sha256:b5b9eccad747aabaaffbc6064800670f0c297e52c12754eb1d976c57e4f74dcb"},
    {file = "PyYAML-6.0-cp39-cp39-win_amd64.whl", hash = "sha256:b3d267842bf12586ba6c734f89d1f5b871df0273157918b0ccefa29deb05c21c"},
    {file = "PyYAML-6.0.tar.gz", hash = "sha256:68fb519c14306fec9720a2a5b45bc9f0c8d1b9c72adf45c37baedfcd949c35a2"},
]
regex = [
    {file = "regex-2021.4.4-cp36-cp36m-macosx_10_9_x86_64.whl", hash = "sha256:619d71c59a78b84d7f18891fe914446d07edd48dc8328c8e149cbe0929b4e000"},
    {file = "regex-2021.4.4-cp36-cp36m-manylinux1_i686.whl", hash = "sha256:47bf5bf60cf04d72bf6055ae5927a0bd9016096bf3d742fa50d9bf9f45aa0711"},
    {file = "regex-2021.4.4-cp36-cp36m-manylinux1_x86_64.whl", hash = "sha256:281d2fd05555079448537fe108d79eb031b403dac622621c78944c235f3fcf11"},
    {file = "regex-2021.4.4-cp36-cp36m-manylinux2010_i686.whl", hash = "sha256:bd28bc2e3a772acbb07787c6308e00d9626ff89e3bfcdebe87fa5afbfdedf968"},
    {file = "regex-2021.4.4-cp36-cp36m-manylinux2010_x86_64.whl", hash = "sha256:7c2a1af393fcc09e898beba5dd59196edaa3116191cc7257f9224beaed3e1aa0"},
    {file = "regex-2021.4.4-cp36-cp36m-manylinux2014_aarch64.whl", hash = "sha256:c38c71df845e2aabb7fb0b920d11a1b5ac8526005e533a8920aea97efb8ec6a4"},
    {file = "regex-2021.4.4-cp36-cp36m-manylinux2014_i686.whl", hash = "sha256:96fcd1888ab4d03adfc9303a7b3c0bd78c5412b2bfbe76db5b56d9eae004907a"},
    {file = "regex-2021.4.4-cp36-cp36m-manylinux2014_x86_64.whl", hash = "sha256:ade17eb5d643b7fead300a1641e9f45401c98eee23763e9ed66a43f92f20b4a7"},
    {file = "regex-2021.4.4-cp36-cp36m-win32.whl", hash = "sha256:e8e5b509d5c2ff12f8418006d5a90e9436766133b564db0abaec92fd27fcee29"},
    {file = "regex-2021.4.4-cp36-cp36m-win_amd64.whl", hash = "sha256:11d773d75fa650cd36f68d7ca936e3c7afaae41b863b8c387a22aaa78d3c5c79"},
    {file = "regex-2021.4.4-cp37-cp37m-macosx_10_9_x86_64.whl", hash = "sha256:d3029c340cfbb3ac0a71798100ccc13b97dddf373a4ae56b6a72cf70dfd53bc8"},
    {file = "regex-2021.4.4-cp37-cp37m-manylinux1_i686.whl", hash = "sha256:18c071c3eb09c30a264879f0d310d37fe5d3a3111662438889ae2eb6fc570c31"},
    {file = "regex-2021.4.4-cp37-cp37m-manylinux1_x86_64.whl", hash = "sha256:4c557a7b470908b1712fe27fb1ef20772b78079808c87d20a90d051660b1d69a"},
    {file = "regex-2021.4.4-cp37-cp37m-manylinux2010_i686.whl", hash = "sha256:01afaf2ec48e196ba91b37451aa353cb7eda77efe518e481707e0515025f0cd5"},
    {file = "regex-2021.4.4-cp37-cp37m-manylinux2010_x86_64.whl", hash = "sha256:3a9cd17e6e5c7eb328517969e0cb0c3d31fd329298dd0c04af99ebf42e904f82"},
    {file = "regex-2021.4.4-cp37-cp37m-manylinux2014_aarch64.whl", hash = "sha256:90f11ff637fe8798933fb29f5ae1148c978cccb0452005bf4c69e13db951e765"},
    {file = "regex-2021.4.4-cp37-cp37m-manylinux2014_i686.whl", hash = "sha256:919859aa909429fb5aa9cf8807f6045592c85ef56fdd30a9a3747e513db2536e"},
    {file = "regex-2021.4.4-cp37-cp37m-manylinux2014_x86_64.whl", hash = "sha256:339456e7d8c06dd36a22e451d58ef72cef293112b559010db3d054d5560ef439"},
    {file = "regex-2021.4.4-cp37-cp37m-win32.whl", hash = "sha256:67bdb9702427ceddc6ef3dc382455e90f785af4c13d495f9626861763ee13f9d"},
    {file = "regex-2021.4.4-cp37-cp37m-win_amd64.whl", hash = "sha256:32e65442138b7b76dd8173ffa2cf67356b7bc1768851dded39a7a13bf9223da3"},
    {file = "regex-2021.4.4-cp38-cp38-macosx_10_9_x86_64.whl", hash = "sha256:1e1c20e29358165242928c2de1482fb2cf4ea54a6a6dea2bd7a0e0d8ee321500"},
    {file = "regex-2021.4.4-cp38-cp38-manylinux1_i686.whl", hash = "sha256:314d66636c494ed9c148a42731b3834496cc9a2c4251b1661e40936814542b14"},
    {file = "regex-2021.4.4-cp38-cp38-manylinux1_x86_64.whl", hash = "sha256:6d1b01031dedf2503631d0903cb563743f397ccaf6607a5e3b19a3d76fc10480"},
    {file = "regex-2021.4.4-cp38-cp38-manylinux2010_i686.whl", hash = "sha256:741a9647fcf2e45f3a1cf0e24f5e17febf3efe8d4ba1281dcc3aa0459ef424dc"},
    {file = "regex-2021.4.4-cp38-cp38-manylinux2010_x86_64.whl", hash = "sha256:4c46e22a0933dd783467cf32b3516299fb98cfebd895817d685130cc50cd1093"},
    {file = "regex-2021.4.4-cp38-cp38-manylinux2014_aarch64.whl", hash = "sha256:e512d8ef5ad7b898cdb2d8ee1cb09a8339e4f8be706d27eaa180c2f177248a10"},
    {file = "regex-2021.4.4-cp38-cp38-manylinux2014_i686.whl", hash = "sha256:980d7be47c84979d9136328d882f67ec5e50008681d94ecc8afa8a65ed1f4a6f"},
    {file = "regex-2021.4.4-cp38-cp38-manylinux2014_x86_64.whl", hash = "sha256:ce15b6d103daff8e9fee13cf7f0add05245a05d866e73926c358e871221eae87"},
    {file = "regex-2021.4.4-cp38-cp38-win32.whl", hash = "sha256:a91aa8619b23b79bcbeb37abe286f2f408d2f2d6f29a17237afda55bb54e7aac"},
    {file = "regex-2021.4.4-cp38-cp38-win_amd64.whl", hash = "sha256:c0502c0fadef0d23b128605d69b58edb2c681c25d44574fc673b0e52dce71ee2"},
    {file = "regex-2021.4.4-cp39-cp39-macosx_10_9_x86_64.whl", hash = "sha256:598585c9f0af8374c28edd609eb291b5726d7cbce16be6a8b95aa074d252ee17"},
    {file = "regex-2021.4.4-cp39-cp39-manylinux1_i686.whl", hash = "sha256:ee54ff27bf0afaf4c3b3a62bcd016c12c3fdb4ec4f413391a90bd38bc3624605"},
    {file = "regex-2021.4.4-cp39-cp39-manylinux1_x86_64.whl", hash = "sha256:7d9884d86dd4dd489e981d94a65cd30d6f07203d90e98f6f657f05170f6324c9"},
    {file = "regex-2021.4.4-cp39-cp39-manylinux2010_i686.whl", hash = "sha256:bf5824bfac591ddb2c1f0a5f4ab72da28994548c708d2191e3b87dd207eb3ad7"},
    {file = "regex-2021.4.4-cp39-cp39-manylinux2010_x86_64.whl", hash = "sha256:563085e55b0d4fb8f746f6a335893bda5c2cef43b2f0258fe1020ab1dd874df8"},
    {file = "regex-2021.4.4-cp39-cp39-manylinux2014_aarch64.whl", hash = "sha256:b9c3db21af35e3b3c05764461b262d6f05bbca08a71a7849fd79d47ba7bc33ed"},
    {file = "regex-2021.4.4-cp39-cp39-manylinux2014_i686.whl", hash = "sha256:3916d08be28a1149fb97f7728fca1f7c15d309a9f9682d89d79db75d5e52091c"},
    {file = "regex-2021.4.4-cp39-cp39-manylinux2014_x86_64.whl", hash = "sha256:fd45ff9293d9274c5008a2054ecef86a9bfe819a67c7be1afb65e69b405b3042"},
    {file = "regex-2021.4.4-cp39-cp39-win32.whl", hash = "sha256:fa4537fb4a98fe8fde99626e4681cc644bdcf2a795038533f9f711513a862ae6"},
    {file = "regex-2021.4.4-cp39-cp39-win_amd64.whl", hash = "sha256:97f29f57d5b84e73fbaf99ab3e26134e6687348e95ef6b48cfd2c06807005a07"},
    {file = "regex-2021.4.4.tar.gz", hash = "sha256:52ba3d3f9b942c49d7e4bc105bb28551c44065f139a65062ab7912bef10c9afb"},
]
requests = [
    {file = "requests-2.25.1-py2.py3-none-any.whl", hash = "sha256:c210084e36a42ae6b9219e00e48287def368a26d03a048ddad7bfee44f75871e"},
    {file = "requests-2.25.1.tar.gz", hash = "sha256:27973dd4a904a4f13b263a19c866c13b92a39ed1c964655f025f3f8d3d75b804"},
]
sacremoses = [
    {file = "sacremoses-0.0.45-py3-none-any.whl", hash = "sha256:fa93db44bc04542553ba6090818b892f603d02aa0d681e6c5c3023baf17e8564"},
    {file = "sacremoses-0.0.45.tar.gz", hash = "sha256:58176cc28391830789b763641d0f458819bebe88681dac72b41a19c0aedc07e9"},
]
sentencepiece = [
    {file = "sentencepiece-0.1.95-cp35-cp35m-macosx_10_6_x86_64.whl", hash = "sha256:21cfec2ec80eb6f603fb92b0416479272f3ec30cfd511b8525a964e2f1cf82a6"},
    {file = "sentencepiece-0.1.95-cp35-cp35m-manylinux2014_aarch64.whl", hash = "sha256:f05663139279718421084d618131a24cffc068860873531ebfe38a73085cbd2e"},
    {file = "sentencepiece-0.1.95-cp35-cp35m-manylinux2014_i686.whl", hash = "sha256:43acdb01466de8189b899de153b96eb50e0ea3b77608c1d4f4f8f0c6f343fe45"},
    {file = "sentencepiece-0.1.95-cp35-cp35m-manylinux2014_ppc64le.whl", hash = "sha256:243ce7c067ba15e5883ab772117b144a8fa1f5827c466a664c9f52d173f6e375"},
    {file = "sentencepiece-0.1.95-cp35-cp35m-manylinux2014_s390x.whl", hash = "sha256:8613286b537056e6d2029e306719e33d4e09c369a1741490e4e18f2a6a797996"},
    {file = "sentencepiece-0.1.95-cp35-cp35m-manylinux2014_x86_64.whl", hash = "sha256:c510e0d26760d51b31f2fb05e1638419a1590df8783300d79e898f2bb93975a8"},
    {file = "sentencepiece-0.1.95-cp36-cp36m-macosx_10_6_x86_64.whl", hash = "sha256:94f866601203b78095d9f219995820ff4606d67281895a6c79d5c1ffe75575ac"},
    {file = "sentencepiece-0.1.95-cp36-cp36m-manylinux2014_aarch64.whl", hash = "sha256:d789bcdce025b377a45830d3962d041b1acf7e416e5451bef081bd6a9c758dfd"},
    {file = "sentencepiece-0.1.95-cp36-cp36m-manylinux2014_i686.whl", hash = "sha256:53951098eddfc25a5fa0cd9be748c9346db3c2be0b6c74a8ac6663acbde2b639"},
    {file = "sentencepiece-0.1.95-cp36-cp36m-manylinux2014_ppc64le.whl", hash = "sha256:f5b6ab735d30eb1801998d4c413592149f9414d9aa300d90a28e8769792d2a5b"},
    {file = "sentencepiece-0.1.95-cp36-cp36m-manylinux2014_s390x.whl", hash = "sha256:60715ef703af2410e5f5cac89d8123f1a0a8dbce1406a2ceaecf805eb0c0cfd9"},
    {file = "sentencepiece-0.1.95-cp36-cp36m-manylinux2014_x86_64.whl", hash = "sha256:d880e8f70822fe98b4f584814f5cccebf9e72aea7b44acc1a26731780fac03f7"},
    {file = "sentencepiece-0.1.95-cp36-cp36m-win32.whl", hash = "sha256:d89c04aeedab0d5c25de8fc6302d58ec6fb135e2670449376c7d0301d7963680"},
    {file = "sentencepiece-0.1.95-cp36-cp36m-win_amd64.whl", hash = "sha256:8e2f6096899a32246a0c65ea7f24a01ff32ea49563ef013b348acb7bca5831d5"},
    {file = "sentencepiece-0.1.95-cp37-cp37m-macosx_10_6_x86_64.whl", hash = "sha256:438ee23faf095a9ebcc97debad2b07c0647ff6a306ed4d430146c3f80c7f6354"},
    {file = "sentencepiece-0.1.95-cp37-cp37m-manylinux2014_aarch64.whl", hash = "sha256:48fd95e0bf082a432cff5d4b7e5fa6d5fdaf87fb2de210aa91f90086c89464a2"},
    {file = "sentencepiece-0.1.95-cp37-cp37m-manylinux2014_i686.whl", hash = "sha256:163d869ce8dd7a9ed11187756272e8c73cd1caae1f47a701e5d70ad80485a655"},
    {file = "sentencepiece-0.1.95-cp37-cp37m-manylinux2014_ppc64le.whl", hash = "sha256:087373b148b82854a3c03a9ad57d58a8ff5366b2f6d718bca27f262c102439ce"},
    {file = "sentencepiece-0.1.95-cp37-cp37m-manylinux2014_s390x.whl", hash = "sha256:fa8ee7411f31a7e7e1b4ed48de958e63befdba3465d7c7d9bd5a87235f7e5bd1"},
    {file = "sentencepiece-0.1.95-cp37-cp37m-manylinux2014_x86_64.whl", hash = "sha256:ad2866aebdf702b0d6a992b2b3b46c2de3739ca8a92bce17f24cf51c29fa4f3e"},
    {file = "sentencepiece-0.1.95-cp37-cp37m-win32.whl", hash = "sha256:7f7929c7741ea276d44c1e7966a1347943fab2089a55bc32fc42ba3c71a6e2e1"},
    {file = "sentencepiece-0.1.95-cp37-cp37m-win_amd64.whl", hash = "sha256:c2add7d87c30898661de5b9e492bd99c5b184c731dec3c7dd3d2c956e4003446"},
    {file = "sentencepiece-0.1.95-cp38-cp38-macosx_10_6_x86_64.whl", hash = "sha256:453f9cf531b5ea694472a5f0a4dc727bfb4f383c8a80a9b5261db6d3a59d4018"},
    {file = "sentencepiece-0.1.95-cp38-cp38-manylinux2014_aarch64.whl", hash = "sha256:5ff761f322a1b34d691d8b1d87c735d8de725ce3458d879d9d0c319e285e7169"},
    {file = "sentencepiece-0.1.95-cp38-cp38-manylinux2014_i686.whl", hash = "sha256:bc7324da0209b632be107123f40505e2400e6aa49e39b49a35d081c36e6cee1b"},
    {file = "sentencepiece-0.1.95-cp38-cp38-manylinux2014_ppc64le.whl", hash = "sha256:5e177f6e40b074e08d3c0c2a1a862fbc94897d9c3439c7752a03a4f61197a743"},
    {file = "sentencepiece-0.1.95-cp38-cp38-manylinux2014_s390x.whl", hash = "sha256:5cac1dcacc2c6bea397188daa549f194ca2bc4d0a7005633ecd03b165e1ad16f"},
    {file = "sentencepiece-0.1.95-cp38-cp38-manylinux2014_x86_64.whl", hash = "sha256:77dff55aa8f74e36f7fd7df861723574630327fdfff0ca18fdbb4fe031c9ecbe"},
    {file = "sentencepiece-0.1.95-cp38-cp38-win32.whl", hash = "sha256:e3cf28e56f49edb9ac021e247399671b8099e516ecd8091ee8ad5d35716e16e3"},
    {file = "sentencepiece-0.1.95-cp38-cp38-win_amd64.whl", hash = "sha256:6365bb9b7a17573e1ed9a277eafad6b5a489100840149297b2f399294ca11817"},
    {file = "sentencepiece-0.1.95-cp39-cp39-macosx_10_6_x86_64.whl", hash = "sha256:58a1013c2a676e16647c64505b9e8cd7e7e5fb9f2d92ec91f2d2a5f777632a69"},
    {file = "sentencepiece-0.1.95-cp39-cp39-manylinux2014_aarch64.whl", hash = "sha256:10e8119175e35075d05dad49c2903903229c7b1331b872fff5ad6a85d369152c"},
    {file = "sentencepiece-0.1.95-cp39-cp39-manylinux2014_i686.whl", hash = "sha256:99ba407001cc45b76e56e03f63eb27e011fe614c3a38e2c0ed5818bb88e050f6"},
    {file = "sentencepiece-0.1.95-cp39-cp39-manylinux2014_ppc64le.whl", hash = "sha256:fa52e8a438f500e07c81c068fe128f9c4e677331eff0b17b28c55585aa7c112a"},
    {file = "sentencepiece-0.1.95-cp39-cp39-manylinux2014_s390x.whl", hash = "sha256:26676ecc4985902cf4af5d597df3d2c4f32f58ed3e23db20c47950f6065089d7"},
    {file = "sentencepiece-0.1.95-cp39-cp39-manylinux2014_x86_64.whl", hash = "sha256:03ac268fa1f5f2adcb083f40becd63b5bbbe2c13dec2cd46222688f8477827c5"},
    {file = "sentencepiece-0.1.95-cp39-cp39-win32.whl", hash = "sha256:4749b187c91e796fe52b82abef3c05a60d82065088844c0fe45d5c221ddc097a"},
    {file = "sentencepiece-0.1.95-cp39-cp39-win_amd64.whl", hash = "sha256:d3410cffb275c319c61977ae3a8729ab224d330bdf69d66cf5f6c55a4deb3d9a"},
    {file = "sentencepiece-0.1.95.tar.gz", hash = "sha256:8dd6e3e110f4c3f85a46e4a2ae1b6f7cf020b907fab50eac22beccf1680e0ea5"},
]
six = [
    {file = "six-1.16.0-py2.py3-none-any.whl", hash = "sha256:8abb2f1d86890a2dfb989f9a77cfcfd3e47c2a354b01111771326f8aa26e0254"},
    {file = "six-1.16.0.tar.gz", hash = "sha256:1e61c37477a1626458e36f7b1d82aa5c9b094fa4802892072e49de9c60c4c926"},
]
tensorboardx = [
    {file = "tensorboardX-2.4-py2.py3-none-any.whl", hash = "sha256:2742b1ac3fdef2b938b1110b503c6986b7100a3250394a5a44ef12784b563b55"},
    {file = "tensorboardX-2.4.tar.gz", hash = "sha256:e56331ee79b7656c6f0974ab2e918045d5e9393701f83cac8884de4b5b360130"},
]
termcolor = [
    {file = "termcolor-1.1.0.tar.gz", hash = "sha256:1d6d69ce66211143803fbc56652b41d73b4a400a2891d7bf7a1cdf4c02de613b"},
]
tokenizers = [
    {file = "tokenizers-0.9.2-cp35-cp35m-macosx_10_11_x86_64.whl", hash = "sha256:85dd00c117a4802747249aad41b3f5162ea78bb78e2e204f168e99562bab9a6d"},
    {file = "tokenizers-0.9.2-cp35-cp35m-manylinux1_x86_64.whl", hash = "sha256:2121ab6818a76fc632d27bb640da306b8d6287ede661a388df3395c5a44ea1a7"},
    {file = "tokenizers-0.9.2-cp35-cp35m-win32.whl", hash = "sha256:031d1533ac5bc69a6cc2f3c0b953c9a52449fa9d403dff4d19b87c2f4d1014c5"},
    {file = "tokenizers-0.9.2-cp35-cp35m-win_amd64.whl", hash = "sha256:0d01aef20d8aae938b6e00aaaf8bc5a4c31c5166f79b83fa69209480cf3d5652"},
    {file = "tokenizers-0.9.2-cp36-cp36m-macosx_10_11_x86_64.whl", hash = "sha256:ad2789e96a647e7451fe5af004426a2c5390fc7b55d16a9c8e8b087096ba8955"},
    {file = "tokenizers-0.9.2-cp36-cp36m-manylinux1_x86_64.whl", hash = "sha256:7bd8ca09ce0f4a21f237d866f1d0314b41d4b7cd39fcc053c20e97aecb94ff5a"},
    {file = "tokenizers-0.9.2-cp36-cp36m-win32.whl", hash = "sha256:f841e57e8c8af176f9af1e18d344283bb555354e2afed3d4000ff882147e1445"},
    {file = "tokenizers-0.9.2-cp36-cp36m-win_amd64.whl", hash = "sha256:5d9c30a985dbcca184e92acd961f80dc95e62fb826bb5c6491201f1d4f355669"},
    {file = "tokenizers-0.9.2-cp37-cp37m-macosx_10_11_x86_64.whl", hash = "sha256:87aff23a47fcffd98a8b5777bd4bcb6c9cb7baa77996dc8b9f62379bba6912cc"},
    {file = "tokenizers-0.9.2-cp37-cp37m-manylinux1_x86_64.whl", hash = "sha256:d3602256170f97d245c2223f82e47863a50e077c4e4bfe3bf37bc9d70d099277"},
    {file = "tokenizers-0.9.2-cp37-cp37m-win32.whl", hash = "sha256:e3f2cbb65cecd3580477ad7eda67781738786e0d3ecdaf184b75b20b6deae314"},
    {file = "tokenizers-0.9.2-cp37-cp37m-win_amd64.whl", hash = "sha256:a7c7379a319fa2c945bb2e77fde143f7bdf3ba5b25a5d1b72078a7d2a4381ba3"},
    {file = "tokenizers-0.9.2-cp38-cp38-macosx_10_11_x86_64.whl", hash = "sha256:16ab11023a4523816ba402022a9a920577d92d62919f9a98560f4f729588eabe"},
    {file = "tokenizers-0.9.2-cp38-cp38-manylinux1_x86_64.whl", hash = "sha256:a5fb94fc91a5588a1404f347289bbf407d9140e6d4814465a29025792bfdd1db"},
    {file = "tokenizers-0.9.2-cp38-cp38-win32.whl", hash = "sha256:50537b39f76de9a0bbf37876df2844ea1c85a67289b3914a0fb1c8be30cd5262"},
    {file = "tokenizers-0.9.2-cp38-cp38-win_amd64.whl", hash = "sha256:9435879d4ed9fba19d4515ab4668ec9dc092e8c288c73ad3cc366f8617289fc1"},
    {file = "tokenizers-0.9.2.tar.gz", hash = "sha256:6ba1337b5decd5c49f3db97fd9b202f74c249aca6e65899062df9cb083fefa60"},
]
torch = [
    {file = "torch-1.5.1-cp35-cp35m-manylinux1_x86_64.whl", hash = "sha256:b84fd18fd8216b74a19828433c3beeb1f0d1d29f45dead3be9ed784ae6855966"},
    {file = "torch-1.5.1-cp35-none-macosx_10_6_x86_64.whl", hash = "sha256:5d909a55cd979fec2c9a7aa35012024b9cc106acbc496faf5de798b148406450"},
    {file = "torch-1.5.1-cp36-cp36m-manylinux1_x86_64.whl", hash = "sha256:a358cee1d35b86757bf915e320ba776d39c20e60db50779060842efc86f02edd"},
    {file = "torch-1.5.1-cp36-none-macosx_10_9_x86_64.whl", hash = "sha256:0a83f41140222c7cc947aa29ed253f3e6fa490606d3d4acd02bfd9f338e3c707"},
    {file = "torch-1.5.1-cp37-cp37m-manylinux1_x86_64.whl", hash = "sha256:70046cf66eb40ead89df25b8dcc571c3007fc9849d4e1d254cc09b4b355374d4"},
    {file = "torch-1.5.1-cp37-none-macosx_10_9_x86_64.whl", hash = "sha256:bb2a3e6c9c9dbfda856bd1b1a55d88789a9488b569ffba9cd6d9aa536ef866ba"},
    {file = "torch-1.5.1-cp38-cp38-manylinux1_x86_64.whl", hash = "sha256:c42658f2982591dc4d0459645c9ab26e0ce18aa7ab0993c27c8bcb1c98931d11"},
    {file = "torch-1.5.1-cp38-none-macosx_10_9_x86_64.whl", hash = "sha256:ff1dbeaa017bae66036e8e7a698a5475ac5a0d7b0a690f0a04ac3b1133b1feb3"},
]
torchtext = [
    {file = "torchtext-0.6.0-py3-none-any.whl", hash = "sha256:100c6633d76c33eca10cf4a97ba20f95aff02efaa870032ef15b7a6a9f2fd77d"},
    {file = "torchtext-0.6.0.tar.gz", hash = "sha256:7522fbb58e847d698f6c6a3253d4c9482e193608fa0ca647c5cfc97d630518c4"},
]
tqdm = [
    {file = "tqdm-4.61.1-py2.py3-none-any.whl", hash = "sha256:aa0c29f03f298951ac6318f7c8ce584e48fa22ec26396e6411e43d038243bdb2"},
    {file = "tqdm-4.61.1.tar.gz", hash = "sha256:24be966933e942be5f074c29755a95b315c69a91f839a29139bf26ffffe2d3fd"},
]
transformers = [
    {file = "transformers-3.4.0-py3-none-any.whl", hash = "sha256:642bd28a50fa6faa8b867f420ff15207a6ce28e72a058e7b09a74f7a98e4e4e0"},
    {file = "transformers-3.4.0.tar.gz", hash = "sha256:3a2924149272737343f4dd061ecf3578806e62dce1b7bee52686145616709696"},
]
urllib3 = [
    {file = "urllib3-1.26.5-py2.py3-none-any.whl", hash = "sha256:753a0374df26658f99d826cfe40394a686d05985786d946fbe4165b5148f5a7c"},
    {file = "urllib3-1.26.5.tar.gz", hash = "sha256:a7acd0977125325f516bda9735fa7142b909a8d01e8b2e4c8108d0984e6e0098"},
]
